// !$*UTF8*$!
{
	archiveVersion = 1;
	classes = {
	};
	objectVersion = 46;
	objects = {

/* Begin PBXBuildFile section */
		78378AE06D74E1123EFED1D0 /* libPods.a in Frameworks */ = {isa = PBXBuildFile; fileRef = 17A2029401C46E0354202790 /* libPods.a */; };
		8152DD731C07F1B100959069 /* main.m in Sources */ = {isa = PBXBuildFile; fileRef = 8152DD721C07F1B100959069 /* main.m */; };
		8152DD761C07F1B100959069 /* AppDelegate.m in Sources */ = {isa = PBXBuildFile; fileRef = 8152DD751C07F1B100959069 /* AppDelegate.m */; };
		8152DD791C07F1B100959069 /* ViewController.m in Sources */ = {isa = PBXBuildFile; fileRef = 8152DD781C07F1B100959069 /* ViewController.m */; };
		8152DD7C1C07F1B100959069 /* Main.storyboard in Resources */ = {isa = PBXBuildFile; fileRef = 8152DD7A1C07F1B100959069 /* Main.storyboard */; };
		8152DD7E1C07F1B100959069 /* Assets.xcassets in Resources */ = {isa = PBXBuildFile; fileRef = 8152DD7D1C07F1B100959069 /* Assets.xcassets */; };
		8152DD811C07F1B100959069 /* LaunchScreen.storyboard in Resources */ = {isa = PBXBuildFile; fileRef = 8152DD7F1C07F1B100959069 /* LaunchScreen.storyboard */; };
		8152DD8C1C07F1B100959069 /* UploadPhotoDemoTests.m in Sources */ = {isa = PBXBuildFile; fileRef = 8152DD8B1C07F1B100959069 /* UploadPhotoDemoTests.m */; };
		8152DD971C07F1B100959069 /* UploadPhotoDemoUITests.m in Sources */ = {isa = PBXBuildFile; fileRef = 8152DD961C07F1B100959069 /* UploadPhotoDemoUITests.m */; };
		8152DDA51C07F69000959069 /* 1.png in Resources */ = {isa = PBXBuildFile; fileRef = 8152DDA41C07F69000959069 /* 1.png */; };
		8152DDA71C0819A200959069 /* vip.jpg in Resources */ = {isa = PBXBuildFile; fileRef = 8152DDA61C0819A200959069 /* vip.jpg */; };
/* End PBXBuildFile section */

/* Begin PBXContainerItemProxy section */
		8152DD881C07F1B100959069 /* PBXContainerItemProxy */ = {
			isa = PBXContainerItemProxy;
			containerPortal = 8152DD661C07F1B100959069 /* Project object */;
			proxyType = 1;
			remoteGlobalIDString = 8152DD6D1C07F1B100959069;
			remoteInfo = UploadPhotoDemo;
		};
		8152DD931C07F1B100959069 /* PBXContainerItemProxy */ = {
			isa = PBXContainerItemProxy;
			containerPortal = 8152DD661C07F1B100959069 /* Project object */;
			proxyType = 1;
			remoteGlobalIDString = 8152DD6D1C07F1B100959069;
			remoteInfo = UploadPhotoDemo;
		};
/* End PBXContainerItemProxy section */

/* Begin PBXFileReference section */
		17A2029401C46E0354202790 /* libPods.a */ = {isa = PBXFileReference; explicitFileType = archive.ar; includeInIndex = 0; path = libPods.a; sourceTree = BUILT_PRODUCTS_DIR; };
		2B2137430A9D0A9F20F6541C /* Pods.release.xcconfig */ = {isa = PBXFileReference; includeInIndex = 1; lastKnownFileType = text.xcconfig; name = Pods.release.xcconfig; path = "Pods/Target Support Files/Pods/Pods.release.xcconfig"; sourceTree = "<group>"; };
		8152DD6E1C07F1B100959069 /* UploadPhotoDemo.app */ = {isa = PBXFileReference; explicitFileType = wrapper.application; includeInIndex = 0; path = UploadPhotoDemo.app; sourceTree = BUILT_PRODUCTS_DIR; };
		8152DD721C07F1B100959069 /* main.m */ = {isa = PBXFileReference; lastKnownFileType = sourcecode.c.objc; path = main.m; sourceTree = "<group>"; };
		8152DD741C07F1B100959069 /* AppDelegate.h */ = {isa = PBXFileReference; lastKnownFileType = sourcecode.c.h; path = AppDelegate.h; sourceTree = "<group>"; };
		8152DD751C07F1B100959069 /* AppDelegate.m */ = {isa = PBXFileReference; lastKnownFileType = sourcecode.c.objc; path = AppDelegate.m; sourceTree = "<group>"; };
		8152DD771C07F1B100959069 /* ViewController.h */ = {isa = PBXFileReference; lastKnownFileType = sourcecode.c.h; path = ViewController.h; sourceTree = "<group>"; };
		8152DD781C07F1B100959069 /* ViewController.m */ = {isa = PBXFileReference; lastKnownFileType = sourcecode.c.objc; path = ViewController.m; sourceTree = "<group>"; };
		8152DD7B1C07F1B100959069 /* Base */ = {isa = PBXFileReference; lastKnownFileType = file.storyboard; name = Base; path = Base.lproj/Main.storyboard; sourceTree = "<group>"; };
		8152DD7D1C07F1B100959069 /* Assets.xcassets */ = {isa = PBXFileReference; lastKnownFileType = folder.assetcatalog; path = Assets.xcassets; sourceTree = "<group>"; };
		8152DD801C07F1B100959069 /* Base */ = {isa = PBXFileReference; lastKnownFileType = file.storyboard; name = Base; path = Base.lproj/LaunchScreen.storyboard; sourceTree = "<group>"; };
		8152DD821C07F1B100959069 /* Info.plist */ = {isa = PBXFileReference; lastKnownFileType = text.plist.xml; path = Info.plist; sourceTree = "<group>"; };
		8152DD871C07F1B100959069 /* UploadPhotoDemoTests.xctest */ = {isa = PBXFileReference; explicitFileType = wrapper.cfbundle; includeInIndex = 0; path = UploadPhotoDemoTests.xctest; sourceTree = BUILT_PRODUCTS_DIR; };
		8152DD8B1C07F1B100959069 /* UploadPhotoDemoTests.m */ = {isa = PBXFileReference; lastKnownFileType = sourcecode.c.objc; path = UploadPhotoDemoTests.m; sourceTree = "<group>"; };
		8152DD8D1C07F1B100959069 /* Info.plist */ = {isa = PBXFileReference; lastKnownFileType = text.plist.xml; path = Info.plist; sourceTree = "<group>"; };
		8152DD921C07F1B100959069 /* UploadPhotoDemoUITests.xctest */ = {isa = PBXFileReference; explicitFileType = wrapper.cfbundle; includeInIndex = 0; path = UploadPhotoDemoUITests.xctest; sourceTree = BUILT_PRODUCTS_DIR; };
		8152DD961C07F1B100959069 /* UploadPhotoDemoUITests.m */ = {isa = PBXFileReference; lastKnownFileType = sourcecode.c.objc; path = UploadPhotoDemoUITests.m; sourceTree = "<group>"; };
		8152DD981C07F1B100959069 /* Info.plist */ = {isa = PBXFileReference; lastKnownFileType = text.plist.xml; path = Info.plist; sourceTree = "<group>"; };
		8152DDA41C07F69000959069 /* 1.png */ = {isa = PBXFileReference; lastKnownFileType = image.png; path = 1.png; sourceTree = "<group>"; };
		8152DDA61C0819A200959069 /* vip.jpg */ = {isa = PBXFileReference; lastKnownFileType = image.jpeg; path = vip.jpg; sourceTree = "<group>"; };
		87F5008A1EFA640D9E4CEC75 /* Pods.debug.xcconfig */ = {isa = PBXFileReference; includeInIndex = 1; lastKnownFileType = text.xcconfig; name = Pods.debug.xcconfig; path = "Pods/Target Support Files/Pods/Pods.debug.xcconfig"; sourceTree = "<group>"; };
/* End PBXFileReference section */

/* Begin PBXFrameworksBuildPhase section */
		8152DD6B1C07F1B100959069 /* Frameworks */ = {
			isa = PBXFrameworksBuildPhase;
			buildActionMask = 2147483647;
			files = (
				78378AE06D74E1123EFED1D0 /* libPods.a in Frameworks */,
			);
			runOnlyForDeploymentPostprocessing = 0;
		};
		8152DD841C07F1B100959069 /* Frameworks */ = {
			isa = PBXFrameworksBuildPhase;
			buildActionMask = 2147483647;
			files = (
			);
			runOnlyForDeploymentPostprocessing = 0;
		};
		8152DD8F1C07F1B100959069 /* Frameworks */ = {
			isa = PBXFrameworksBuildPhase;
			buildActionMask = 2147483647;
			files = (
			);
			runOnlyForDeploymentPostprocessing = 0;
		};
/* End PBXFrameworksBuildPhase section */

/* Begin PBXGroup section */
		3A6291072005196C62671C7F /* Frameworks */ = {
			isa = PBXGroup;
			children = (
				17A2029401C46E0354202790 /* libPods.a */,
			);
			name = Frameworks;
			sourceTree = "<group>";
		};
		3EAD206493CB6B6A9FC4A90D /* Pods */ = {
			isa = PBXGroup;
			children = (
				87F5008A1EFA640D9E4CEC75 /* Pods.debug.xcconfig */,
				2B2137430A9D0A9F20F6541C /* Pods.release.xcconfig */,
			);
			name = Pods;
			sourceTree = "<group>";
		};
		8152DD651C07F1B100959069 = {
			isa = PBXGroup;
			children = (
				8152DD701C07F1B100959069 /* UploadPhotoDemo */,
				8152DD8A1C07F1B100959069 /* UploadPhotoDemoTests */,
				8152DD951C07F1B100959069 /* UploadPhotoDemoUITests */,
				8152DD6F1C07F1B100959069 /* Products */,
				3EAD206493CB6B6A9FC4A90D /* Pods */,
				3A6291072005196C62671C7F /* Frameworks */,
			);
			sourceTree = "<group>";
		};
		8152DD6F1C07F1B100959069 /* Products */ = {
			isa = PBXGroup;
			children = (
				8152DD6E1C07F1B100959069 /* UploadPhotoDemo.app */,
				8152DD871C07F1B100959069 /* UploadPhotoDemoTests.xctest */,
				8152DD921C07F1B100959069 /* UploadPhotoDemoUITests.xctest */,
			);
			name = Products;
			sourceTree = "<group>";
		};
		8152DD701C07F1B100959069 /* UploadPhotoDemo */ = {
			isa = PBXGroup;
			children = (
				8152DDA61C0819A200959069 /* vip.jpg */,
				8152DD741C07F1B100959069 /* AppDelegate.h */,
				8152DD751C07F1B100959069 /* AppDelegate.m */,
				8152DD771C07F1B100959069 /* ViewController.h */,
				8152DD781C07F1B100959069 /* ViewController.m */,
				8152DD7A1C07F1B100959069 /* Main.storyboard */,
				8152DD7D1C07F1B100959069 /* Assets.xcassets */,
				8152DD7F1C07F1B100959069 /* LaunchScreen.storyboard */,
				8152DD821C07F1B100959069 /* Info.plist */,
				8152DDA41C07F69000959069 /* 1.png */,
				8152DD711C07F1B100959069 /* Supporting Files */,
			);
			path = UploadPhotoDemo;
			sourceTree = "<group>";
		};
		8152DD711C07F1B100959069 /* Supporting Files */ = {
			isa = PBXGroup;
			children = (
				8152DD721C07F1B100959069 /* main.m */,
			);
			name = "Supporting Files";
			sourceTree = "<group>";
		};
		8152DD8A1C07F1B100959069 /* UploadPhotoDemoTests */ = {
			isa = PBXGroup;
			children = (
				8152DD8B1C07F1B100959069 /* UploadPhotoDemoTests.m */,
				8152DD8D1C07F1B100959069 /* Info.plist */,
			);
			path = UploadPhotoDemoTests;
			sourceTree = "<group>";
		};
		8152DD951C07F1B100959069 /* UploadPhotoDemoUITests */ = {
			isa = PBXGroup;
			children = (
				8152DD961C07F1B100959069 /* UploadPhotoDemoUITests.m */,
				8152DD981C07F1B100959069 /* Info.plist */,
			);
			path = UploadPhotoDemoUITests;
			sourceTree = "<group>";
		};
/* End PBXGroup section */

/* Begin PBXNativeTarget section */
		8152DD6D1C07F1B100959069 /* UploadPhotoDemo */ = {
			isa = PBXNativeTarget;
			buildConfigurationList = 8152DD9B1C07F1B100959069 /* Build configuration list for PBXNativeTarget "UploadPhotoDemo" */;
			buildPhases = (
				60F468F06A385287010988F8 /* Check Pods Manifest.lock */,
				8152DD6A1C07F1B100959069 /* Sources */,
				8152DD6B1C07F1B100959069 /* Frameworks */,
				8152DD6C1C07F1B100959069 /* Resources */,
				B6BEEB766216EA0CF3510DB1 /* Embed Pods Frameworks */,
				4AF5E35D181AA807AA0112FA /* Copy Pods Resources */,
			);
			buildRules = (
			);
			dependencies = (
			);
			name = UploadPhotoDemo;
			productName = UploadPhotoDemo;
			productReference = 8152DD6E1C07F1B100959069 /* UploadPhotoDemo.app */;
			productType = "com.apple.product-type.application";
		};
		8152DD861C07F1B100959069 /* UploadPhotoDemoTests */ = {
			isa = PBXNativeTarget;
			buildConfigurationList = 8152DD9E1C07F1B100959069 /* Build configuration list for PBXNativeTarget "UploadPhotoDemoTests" */;
			buildPhases = (
				8152DD831C07F1B100959069 /* Sources */,
				8152DD841C07F1B100959069 /* Frameworks */,
				8152DD851C07F1B100959069 /* Resources */,
			);
			buildRules = (
			);
			dependencies = (
				8152DD891C07F1B100959069 /* PBXTargetDependency */,
			);
			name = UploadPhotoDemoTests;
			productName = UploadPhotoDemoTests;
			productReference = 8152DD871C07F1B100959069 /* UploadPhotoDemoTests.xctest */;
			productType = "com.apple.product-type.bundle.unit-test";
		};
		8152DD911C07F1B100959069 /* UploadPhotoDemoUITests */ = {
			isa = PBXNativeTarget;
			buildConfigurationList = 8152DDA11C07F1B100959069 /* Build configuration list for PBXNativeTarget "UploadPhotoDemoUITests" */;
			buildPhases = (
				8152DD8E1C07F1B100959069 /* Sources */,
				8152DD8F1C07F1B100959069 /* Frameworks */,
				8152DD901C07F1B100959069 /* Resources */,
			);
			buildRules = (
			);
			dependencies = (
				8152DD941C07F1B100959069 /* PBXTargetDependency */,
			);
			name = UploadPhotoDemoUITests;
			productName = UploadPhotoDemoUITests;
			productReference = 8152DD921C07F1B100959069 /* UploadPhotoDemoUITests.xctest */;
			productType = "com.apple.product-type.bundle.ui-testing";
		};
/* End PBXNativeTarget section */

/* Begin PBXProject section */
		8152DD661C07F1B100959069 /* Project object */ = {
			isa = PBXProject;
			attributes = {
				LastUpgradeCheck = 0710;
				ORGANIZATIONNAME = "铁哥";
				TargetAttributes = {
					8152DD6D1C07F1B100959069 = {
						CreatedOnToolsVersion = 7.1;
						DevelopmentTeam = S37582G6XF;
					};
					8152DD861C07F1B100959069 = {
						CreatedOnToolsVersion = 7.1;
						DevelopmentTeam = S37582G6XF;
						TestTargetID = 8152DD6D1C07F1B100959069;
					};
					8152DD911C07F1B100959069 = {
						CreatedOnToolsVersion = 7.1;
						DevelopmentTeam = S37582G6XF;
						TestTargetID = 8152DD6D1C07F1B100959069;
					};
				};
			};
			buildConfigurationList = 8152DD691C07F1B100959069 /* Build configuration list for PBXProject "UploadPhotoDemo" */;
			compatibilityVersion = "Xcode 3.2";
			developmentRegion = English;
			hasScannedForEncodings = 0;
			knownRegions = (
				en,
				Base,
			);
			mainGroup = 8152DD651C07F1B100959069;
			productRefGroup = 8152DD6F1C07F1B100959069 /* Products */;
			projectDirPath = "";
			projectRoot = "";
			targets = (
				8152DD6D1C07F1B100959069 /* UploadPhotoDemo */,
				8152DD861C07F1B100959069 /* UploadPhotoDemoTests */,
				8152DD911C07F1B100959069 /* UploadPhotoDemoUITests */,
			);
		};
/* End PBXProject section */

/* Begin PBXResourcesBuildPhase section */
		8152DD6C1C07F1B100959069 /* Resources */ = {
			isa = PBXResourcesBuildPhase;
			buildActionMask = 2147483647;
			files = (
				8152DD811C07F1B100959069 /* LaunchScreen.storyboard in Resources */,
				8152DD7E1C07F1B100959069 /* Assets.xcassets in Resources */,
				8152DDA71C0819A200959069 /* vip.jpg in Resources */,
				8152DDA51C07F69000959069 /* 1.png in Resources */,
				8152DD7C1C07F1B100959069 /* Main.storyboard in Resources */,
			);
			runOnlyForDeploymentPostprocessing = 0;
		};
		8152DD851C07F1B100959069 /* Resources */ = {
			isa = PBXResourcesBuildPhase;
			buildActionMask = 2147483647;
			files = (
			);
			runOnlyForDeploymentPostprocessing = 0;
		};
		8152DD901C07F1B100959069 /* Resources */ = {
			isa = PBXResourcesBuildPhase;
			buildActionMask = 2147483647;
			files = (
			);
			runOnlyForDeploymentPostprocessing = 0;
		};
/* End PBXResourcesBuildPhase section */

/* Begin PBXShellScriptBuildPhase section */
		4AF5E35D181AA807AA0112FA /* Copy Pods Resources */ = {
			isa = PBXShellScriptBuildPhase;
			buildActionMask = 2147483647;
			files = (
			);
			inputPaths = (
			);
			name = "Copy Pods Resources";
			outputPaths = (
			);
			runOnlyForDeploymentPostprocessing = 0;
			shellPath = /bin/sh;
			shellScript = "\"${SRCROOT}/Pods/Target Support Files/Pods/Pods-resources.sh\"\n";
			showEnvVarsInLog = 0;
		};
		60F468F06A385287010988F8 /* Check Pods Manifest.lock */ = {
			isa = PBXShellScriptBuildPhase;
			buildActionMask = 2147483647;
			files = (
			);
			inputPaths = (
			);
			name = "Check Pods Manifest.lock";
			outputPaths = (
			);
			runOnlyForDeploymentPostprocessing = 0;
			shellPath = /bin/sh;
			shellScript = "diff \"${PODS_ROOT}/../Podfile.lock\" \"${PODS_ROOT}/Manifest.lock\" > /dev/null\nif [[ $? != 0 ]] ; then\n    cat << EOM\nerror: The sandbox is not in sync with the Podfile.lock. Run 'pod install' or update your CocoaPods installation.\nEOM\n    exit 1\nfi\n";
			showEnvVarsInLog = 0;
		};
		B6BEEB766216EA0CF3510DB1 /* Embed Pods Frameworks */ = {
			isa = PBXShellScriptBuildPhase;
			buildActionMask = 2147483647;
			files = (
			);
			inputPaths = (
			);
			name = "Embed Pods Frameworks";
			outputPaths = (
			);
			runOnlyForDeploymentPostprocessing = 0;
			shellPath = /bin/sh;
			shellScript = "\"${SRCROOT}/Pods/Target Support Files/Pods/Pods-frameworks.sh\"\n";
			showEnvVarsInLog = 0;
		};
/* End PBXShellScriptBuildPhase section */

/* Begin PBXSourcesBuildPhase section */
		8152DD6A1C07F1B100959069 /* Sources */ = {
			isa = PBXSourcesBuildPhase;
			buildActionMask = 2147483647;
			files = (
				8152DD791C07F1B100959069 /* ViewController.m in Sources */,
				8152DD761C07F1B100959069 /* AppDelegate.m in Sources */,
				8152DD731C07F1B100959069 /* main.m in Sources */,
			);
			runOnlyForDeploymentPostprocessing = 0;
		};
		8152DD831C07F1B100959069 /* Sources */ = {
			isa = PBXSourcesBuildPhase;
			buildActionMask = 2147483647;
			files = (
				8152DD8C1C07F1B100959069 /* UploadPhotoDemoTests.m in Sources */,
			);
			runOnlyForDeploymentPostprocessing = 0;
		};
		8152DD8E1C07F1B100959069 /* Sources */ = {
			isa = PBXSourcesBuildPhase;
			buildActionMask = 2147483647;
			files = (
				8152DD971C07F1B100959069 /* UploadPhotoDemoUITests.m in Sources */,
			);
			runOnlyForDeploymentPostprocessing = 0;
		};
/* End PBXSourcesBuildPhase section */

/* Begin PBXTargetDependency section */
		8152DD891C07F1B100959069 /* PBXTargetDependency */ = {
			isa = PBXTargetDependency;
			target = 8152DD6D1C07F1B100959069 /* UploadPhotoDemo */;
			targetProxy = 8152DD881C07F1B100959069 /* PBXContainerItemProxy */;
		};
		8152DD941C07F1B100959069 /* PBXTargetDependency */ = {
			isa = PBXTargetDependency;
			target = 8152DD6D1C07F1B100959069 /* UploadPhotoDemo */;
			targetProxy = 8152DD931C07F1B100959069 /* PBXContainerItemProxy */;
		};
/* End PBXTargetDependency section */

/* Begin PBXVariantGroup section */
		8152DD7A1C07F1B100959069 /* Main.storyboard */ = {
			isa = PBXVariantGroup;
			children = (
				8152DD7B1C07F1B100959069 /* Base */,
			);
			name = Main.storyboard;
			sourceTree = "<group>";
		};
		8152DD7F1C07F1B100959069 /* LaunchScreen.storyboard */ = {
			isa = PBXVariantGroup;
			children = (
				8152DD801C07F1B100959069 /* Base */,
			);
			name = LaunchScreen.storyboard;
			sourceTree = "<group>";
		};
/* End PBXVariantGroup section */

/* Begin XCBuildConfiguration section */
		8152DD991C07F1B100959069 /* Debug */ = {
			isa = XCBuildConfiguration;
			buildSettings = {
				ALWAYS_SEARCH_USER_PATHS = NO;
				CLANG_CXX_LANGUAGE_STANDARD = "gnu++0x";
				CLANG_CXX_LIBRARY = "libc++";
				CLANG_ENABLE_MODULES = YES;
				CLANG_ENABLE_OBJC_ARC = YES;
				CLANG_WARN_BOOL_CONVERSION = YES;
				CLANG_WARN_CONSTANT_CONVERSION = YES;
				CLANG_WARN_DIRECT_OBJC_ISA_USAGE = YES_ERROR;
				CLANG_WARN_EMPTY_BODY = YES;
				CLANG_WARN_ENUM_CONVERSION = YES;
				CLANG_WARN_INT_CONVERSION = YES;
				CLANG_WARN_OBJC_ROOT_CLASS = YES_ERROR;
				CLANG_WARN_UNREACHABLE_CODE = YES;
				CLANG_WARN__DUPLICATE_METHOD_MATCH = YES;
				"CODE_SIGN_IDENTITY[sdk=iphoneos*]" = "iPhone Developer";
				COPY_PHASE_STRIP = NO;
				DEBUG_INFORMATION_FORMAT = dwarf;
				ENABLE_STRICT_OBJC_MSGSEND = YES;
				ENABLE_TESTABILITY = YES;
				GCC_C_LANGUAGE_STANDARD = gnu99;
				GCC_DYNAMIC_NO_PIC = NO;
				GCC_NO_COMMON_BLOCKS = YES;
				GCC_OPTIMIZATION_LEVEL = 0;
				GCC_PREPROCESSOR_DEFINITIONS = (
					"DEBUG=1",
					"$(inherited)",
				);
				GCC_WARN_64_TO_32_BIT_CONVERSION = YES;
				GCC_WARN_ABOUT_RETURN_TYPE = YES_ERROR;
				GCC_WARN_UNDECLARED_SELECTOR = YES;
				GCC_WARN_UNINITIALIZED_AUTOS = YES_AGGRESSIVE;
				GCC_WARN_UNUSED_FUNCTION = YES;
				GCC_WARN_UNUSED_VARIABLE = YES;
				IPHONEOS_DEPLOYMENT_TARGET = 9.1;
				MTL_ENABLE_DEBUG_INFO = YES;
				ONLY_ACTIVE_ARCH = YES;
				SDKROOT = iphoneos;
				TARGETED_DEVICE_FAMILY = "1,2";
			};
			name = Debug;
		};
		8152DD9A1C07F1B100959069 /* Release */ = {
			isa = XCBuildConfiguration;
			buildSettings = {
				ALWAYS_SEARCH_USER_PATHS = NO;
				CLANG_CXX_LANGUAGE_STANDARD = "gnu++0x";
				CLANG_CXX_LIBRARY = "libc++";
				CLANG_ENABLE_MODULES = YES;
				CLANG_ENABLE_OBJC_ARC = YES;
				CLANG_WARN_BOOL_CONVERSION = YES;
				CLANG_WARN_CONSTANT_CONVERSION = YES;
				CLANG_WARN_DIRECT_OBJC_ISA_USAGE = YES_ERROR;
				CLANG_WARN_EMPTY_BODY = YES;
				CLANG_WARN_ENUM_CONVERSION = YES;
				CLANG_WARN_INT_CONVERSION = YES;
				CLANG_WARN_OBJC_ROOT_CLASS = YES_ERROR;
				CLANG_WARN_UNREACHABLE_CODE = YES;
				CLANG_WARN__DUPLICATE_METHOD_MATCH = YES;
				"CODE_SIGN_IDENTITY[sdk=iphoneos*]" = "iPhone Developer";
				COPY_PHASE_STRIP = NO;
				DEBUG_INFORMATION_FORMAT = "dwarf-with-dsym";
				ENABLE_NS_ASSERTIONS = NO;
				ENABLE_STRICT_OBJC_MSGSEND = YES;
				GCC_C_LANGUAGE_STANDARD = gnu99;
				GCC_NO_COMMON_BLOCKS = YES;
				GCC_WARN_64_TO_32_BIT_CONVERSION = YES;
				GCC_WARN_ABOUT_RETURN_TYPE = YES_ERROR;
				GCC_WARN_UNDECLARED_SELECTOR = YES;
				GCC_WARN_UNINITIALIZED_AUTOS = YES_AGGRESSIVE;
				GCC_WARN_UNUSED_FUNCTION = YES;
				GCC_WARN_UNUSED_VARIABLE = YES;
				IPHONEOS_DEPLOYMENT_TARGET = 9.1;
				MTL_ENABLE_DEBUG_INFO = NO;
				SDKROOT = iphoneos;
				TARGETED_DEVICE_FAMILY = "1,2";
				VALIDATE_PRODUCT = YES;
			};
			name = Release;
		};
		8152DD9C1C07F1B100959069 /* Debug */ = {
			isa = XCBuildConfiguration;
			baseConfigurationReference = 87F5008A1EFA640D9E4CEC75 /* Pods.debug.xcconfig */;
			buildSettings = {
				ASSETCATALOG_COMPILER_APPICON_NAME = AppIcon;
				INFOPLIST_FILE = UploadPhotoDemo/Info.plist;
				LD_RUNPATH_SEARCH_PATHS = "$(inherited) @executable_path/Frameworks";
				PRODUCT_BUNDLE_IDENTIFIER = "----.UploadPhotoDemo";
				PRODUCT_NAME = "$(TARGET_NAME)";
				USER_HEADER_SEARCH_PATHS = "${SRCROOT}/**";
			};
			name = Debug;
		};
		8152DD9D1C07F1B100959069 /* Release */ = {
			isa = XCBuildConfiguration;
			baseConfigurationReference = 2B2137430A9D0A9F20F6541C /* Pods.release.xcconfig */;
			buildSettings = {
				ASSETCATALOG_COMPILER_APPICON_NAME = AppIcon;
				INFOPLIST_FILE = UploadPhotoDemo/Info.plist;
				LD_RUNPATH_SEARCH_PATHS = "$(inherited) @executable_path/Frameworks";
				PRODUCT_BUNDLE_IDENTIFIER = "----.UploadPhotoDemo";
				PRODUCT_NAME = "$(TARGET_NAME)";
				USER_HEADER_SEARCH_PATHS = "${SRCROOT}/**";
			};
			name = Release;
		};
		8152DD9F1C07F1B100959069 /* Debug */ = {
			isa = XCBuildConfiguration;
			buildSettings = {
				BUNDLE_LOADER = "$(TEST_HOST)";
				INFOPLIST_FILE = UploadPhotoDemoTests/Info.plist;
				LD_RUNPATH_SEARCH_PATHS = "$(inherited) @executable_path/Frameworks @loader_path/Frameworks";
				PRODUCT_BUNDLE_IDENTIFIER = "----.UploadPhotoDemoTests";
				PRODUCT_NAME = "$(TARGET_NAME)";
				TEST_HOST = "$(BUILT_PRODUCTS_DIR)/UploadPhotoDemo.app/UploadPhotoDemo";
			};
			name = Debug;
		};
		8152DDA01C07F1B100959069 /* Release */ = {
			isa = XCBuildConfiguration;
			buildSettings = {
				BUNDLE_LOADER = "$(TEST_HOST)";
				INFOPLIST_FILE = UploadPhotoDemoTests/Info.plist;
				LD_RUNPATH_SEARCH_PATHS = "$(inherited) @executable_path/Frameworks @loader_path/Frameworks";
				PRODUCT_BUNDLE_IDENTIFIER = "----.UploadPhotoDemoTests";
				PRODUCT_NAME = "$(TARGET_NAME)";
				TEST_HOST = "$(BUILT_PRODUCTS_DIR)/UploadPhotoDemo.app/UploadPhotoDemo";
			};
			name = Release;
		};
		8152DDA21C07F1B100959069 /* Debug */ = {
			isa = XCBuildConfiguration;
			buildSettings = {
				INFOPLIST_FILE = UploadPhotoDemoUITests/Info.plist;
				LD_RUNPATH_SEARCH_PATHS = "$(inherited) @executable_path/Frameworks @loader_path/Frameworks";
				PRODUCT_BUNDLE_IDENTIFIER = "----.UploadPhotoDemoUITests";
				PRODUCT_NAME = "$(TARGET_NAME)";
				TEST_TARGET_NAME = UploadPhotoDemo;
				USES_XCTRUNNER = YES;
			};
			name = Debug;
		};
		8152DDA31C07F1B100959069 /* Release */ = {
			isa = XCBuildConfiguration;
			buildSettings = {
				INFOPLIST_FILE = UploadPhotoDemoUITests/Info.plist;
				LD_RUNPATH_SEARCH_PATHS = "$(inherited) @executable_path/Frameworks @loader_path/Frameworks";
				PRODUCT_BUNDLE_IDENTIFIER = "----.UploadPhotoDemoUITests";
				PRODUCT_NAME = "$(TARGET_NAME)";
				TEST_TARGET_NAME = UploadPhotoDemo;
				USES_XCTRUNNER = YES;
			};
			name = Release;
		};
/* End XCBuildConfiguration section */

/* Begin XCConfigurationList section */
		8152DD691C07F1B100959069 /* Build configuration list for PBXProject "UploadPhotoDemo" */ = {
			isa = XCConfigurationList;
			buildConfigurations = (
				8152DD991C07F1B100959069 /* Debug */,
				8152DD9A1C07F1B100959069 /* Release */,
			);
			defaultConfigurationIsVisible = 0;
			defaultConfigurationName = Release;
		};
		8152DD9B1C07F1B100959069 /* Build configuration list for PBXNativeTarget "UploadPhotoDemo" */ = {
			isa = XCConfigurationList;
			buildConfigurations = (
				8152DD9C1C07F1B100959069 /* Debug */,
				8152DD9D1C07F1B100959069 /* Release */,
			);
			defaultConfigurationIsVisible = 0;
			defaultConfigurationName = Release;
		};
		8152DD9E1C07F1B100959069 /* Build configuration list for PBXNativeTarget "UploadPhotoDemoTests" */ = {
			isa = XCConfigurationList;
			buildConfigurations = (
				8152DD9F1C07F1B100959069 /* Debug */,
				8152DDA01C07F1B100959069 /* Release */,
			);
			defaultConfigurationIsVisible = 0;
			defaultConfigurationName = Release;
		};
		8152DDA11C07F1B100959069 /* Build configuration list for PBXNativeTarget "UploadPhotoDemoUITests" */ = {
			isa = XCConfigurationList;
			buildConfigurations = (
				8152DDA21C07F1B100959069 /* Debug */,
				8152DDA31C07F1B100959069 /* Release */,
			);
			defaultConfigurationIsVisible = 0;
			defaultConfigurationName = Release;
		};
/* End XCConfigurationList section */
	};
	rootObject = 8152DD661C07F1B100959069 /* Project object */;
}
